{
  "version": "v1",
  "packages": {
    "My-Lib-Ui": {
      "signature": "e063b9cfef37f1a15ba33d6420289fb9",
      "file": true
    },
    "my-lib": {
      "signature": "008c7bda5987bc8c765dfe979cfb02ac"
    },
    "@spideai/my-lib": {
      "signature": "6652756d34910f6f7ba6a5cc80565204"
    }
  }
}