{
  "version": "v1",
  "packages": {
    "My-Lib-Ui": {
      "signature": "e063b9cfef37f1a15ba33d6420289fb9",
      "file": true
    },
    "my-lib": {
      "signature": "008c7bda5987bc8c765dfe979cfb02ac"
    },
    "@spideai/my-lib": {
      "signature": "7491baea0ee0b7bc8b437cc2ae2e75ec"
    }
  }
}